PODS:
  - MASShortcut (2.4.0)
  - Sparkle (1.26.0)

DEPENDENCIES:
  - MASShortcut
  - Sparkle

SPEC REPOS:
  trunk:
    - MASShortcut
    - Sparkle

SPEC CHECKSUMS:
  MASShortcut: d9e4909e878661cc42877cc9d6efbe638273ab57
  Sparkle: d56d028f4b0c123577825f5d1004f6140d77f90e

PODFILE CHECKSUM: d5961e7a7c0c3340f5304fb16017f4b8e7eb891c

COCOAPODS: 1.11.2
