// !$*UTF8*$!
{
	archiveVersion = 1;
	classes = {
	};
	objectVersion = 51;
	objects = {

/* Begin PBXBuildFile section */
		1269BDFA0FD94A0DFDBF36C2 /* Pods_DivideAndConquerLauncher.framework in Frameworks */ = {isa = PBXBuildFile; fileRef = F57DFDEFC8F7FADE37EA5AB0 /* Pods_DivideAndConquerLauncher.framework */; };
		98192DDA270F606C00015E66 /* Debounce.swift in Sources */ = {isa = PBXBuildFile; fileRef = 98192DD9270F606C00015E66 /* Debounce.swift */; };
		981F27D12340E3E1006CD263 /* InternetAccessPolicy.plist in Resources */ = {isa = PBXBuildFile; fileRef = 981F27D02340E3E1006CD263 /* InternetAccessPolicy.plist */; };
		9821403F22B3EBD900ABFB3F /* AppDelegate.swift in Sources */ = {isa = PBXBuildFile; fileRef = 9821403E22B3EBD900ABFB3F /* AppDelegate.swift */; };
		9821404322B3EBDA00ABFB3F /* Assets.xcassets in Resources */ = {isa = PBXBuildFile; fileRef = 9821404222B3EBDA00ABFB3F /* Assets.xcassets */; };
		9821404622B3EBDA00ABFB3F /* Main.storyboard in Resources */ = {isa = PBXBuildFile; fileRef = 9821404422B3EBDA00ABFB3F /* Main.storyboard */; };
		9821405B22B3ECCA00ABFB3F /* DivideAndConquerLauncher.app in CopyFiles */ = {isa = PBXBuildFile; fileRef = 9821403C22B3EBD900ABFB3F /* DivideAndConquerLauncher.app */; settings = {ATTRIBUTES = (RemoveHeadersOnCopy, ); }; };
		9821405E22B3ED3600ABFB3F /* ServiceManagement.framework in Frameworks */ = {isa = PBXBuildFile; fileRef = 9821405D22B3ED3600ABFB3F /* ServiceManagement.framework */; };
		9821406022B3EFB200ABFB3F /* Defaults.swift in Sources */ = {isa = PBXBuildFile; fileRef = 9821405F22B3EFB200ABFB3F /* Defaults.swift */; };
		9824700D22AF9B7D0037B409 /* AppDelegate.swift in Sources */ = {isa = PBXBuildFile; fileRef = 9824700C22AF9B7D0037B409 /* AppDelegate.swift */; };
		9824701122AF9B7E0037B409 /* Assets.xcassets in Resources */ = {isa = PBXBuildFile; fileRef = 9824701022AF9B7E0037B409 /* Assets.xcassets */; };
		9824701422AF9B7E0037B409 /* Main.storyboard in Resources */ = {isa = PBXBuildFile; fileRef = 9824701222AF9B7E0037B409 /* Main.storyboard */; };
		9824702022AF9B7E0037B409 /* DivideAndConquerTests.swift in Sources */ = {isa = PBXBuildFile; fileRef = 9824701F22AF9B7E0037B409 /* DivideAndConquerTests.swift */; };
		9824702C22AFA22E0037B409 /* AccessibilityWindowController.swift in Sources */ = {isa = PBXBuildFile; fileRef = 9824702A22AFA22E0037B409 /* AccessibilityWindowController.swift */; };
		9824702F22AFA2E50037B409 /* AccessibilityAuthorization.swift in Sources */ = {isa = PBXBuildFile; fileRef = 9824702E22AFA2E50037B409 /* AccessibilityAuthorization.swift */; };
		9824703122AFA8470037B409 /* DivideAndConquerStatusItem.swift in Sources */ = {isa = PBXBuildFile; fileRef = 9824703022AFA8470037B409 /* DivideAndConquerStatusItem.swift */; };
		9824703B22B139780037B409 /* CUtil.swift in Sources */ = {isa = PBXBuildFile; fileRef = 9824703A22B139780037B409 /* CUtil.swift */; };
		9824703D22B13C7E0037B409 /* AccessibilityElement.swift in Sources */ = {isa = PBXBuildFile; fileRef = 9824703C22B13C7E0037B409 /* AccessibilityElement.swift */; };
		9824703F22B13FBC0037B409 /* ScreenDetection.swift in Sources */ = {isa = PBXBuildFile; fileRef = 9824703E22B13FBC0037B409 /* ScreenDetection.swift */; };
		983BBD6F253B609D000D223E /* GridWindow.swift in Sources */ = {isa = PBXBuildFile; fileRef = 983BBD6E253B609D000D223E /* GridWindow.swift */; };
		985B9BF522B93EEC00A2E8F0 /* ApplicationToggle.swift in Sources */ = {isa = PBXBuildFile; fileRef = 985B9BF422B93EEC00A2E8F0 /* ApplicationToggle.swift */; };
		985B9BF822BB6F5100A2E8F0 /* MessageView.xib in Resources */ = {isa = PBXBuildFile; fileRef = 985B9BF622BB6F5000A2E8F0 /* MessageView.xib */; };
		985B9BF922BB6F5100A2E8F0 /* MessageView.swift in Sources */ = {isa = PBXBuildFile; fileRef = 985B9BF722BB6F5000A2E8F0 /* MessageView.swift */; };
		98910B42231476B30066EC23 /* PreferencesViewController.swift in Sources */ = {isa = PBXBuildFile; fileRef = 98910B41231476B30066EC23 /* PreferencesViewController.swift */; };
		98987AA42391890400BE72C4 /* LogViewer.storyboard in Resources */ = {isa = PBXBuildFile; fileRef = 98987AA22391890300BE72C4 /* LogViewer.storyboard */; };
		98987AA52391890400BE72C4 /* LogViewer.swift in Sources */ = {isa = PBXBuildFile; fileRef = 98987AA32391890400BE72C4 /* LogViewer.swift */; };
		989DA30E243FC0DF008C7AA4 /* WelcomeViewController.swift in Sources */ = {isa = PBXBuildFile; fileRef = 989DA30D243FC0DF008C7AA4 /* WelcomeViewController.swift */; };
		98BEFA482620DEDD00D9D54F /* NSImageExtension.swift in Sources */ = {isa = PBXBuildFile; fileRef = 98BEFA472620DEDC00D9D54F /* NSImageExtension.swift */; };
		98C2755E231FF6A9009B9292 /* MouseMonitor.swift in Sources */ = {isa = PBXBuildFile; fileRef = 98C2755D231FF6A9009B9292 /* MouseMonitor.swift */; };
		98C27561231FFA5F009B9292 /* SnappingManager.swift in Sources */ = {isa = PBXBuildFile; fileRef = 98C27560231FFA5F009B9292 /* SnappingManager.swift */; };
		98C97FFD25893B040061F01F /* Config.swift in Sources */ = {isa = PBXBuildFile; fileRef = 98C97FFC25893B040061F01F /* Config.swift */; };
		98D1441324560B1E0090C603 /* AlertUtil.swift in Sources */ = {isa = PBXBuildFile; fileRef = 98D1441224560B1E0090C603 /* AlertUtil.swift */; };
		98D16A492592B460005228CB /* NotificationExtension.swift in Sources */ = {isa = PBXBuildFile; fileRef = 98D16A482592B460005228CB /* NotificationExtension.swift */; };
		98D4B6C525B6256C009C7BF6 /* TodoManager.swift in Sources */ = {isa = PBXBuildFile; fileRef = 98D4B6C425B6256C009C7BF6 /* TodoManager.swift */; };
		A1EAB8D46AEAFD3D885BFBAD /* Pods_DivideAndConquer.framework in Frameworks */ = {isa = PBXBuildFile; fileRef = CA6B2E765AC65E7A93211660 /* Pods_DivideAndConquer.framework */; };
		BF8E5A4027641ED100FADD31 /* GridManager.swift in Sources */ = {isa = PBXBuildFile; fileRef = BF8E5A3F27641ED100FADD31 /* GridManager.swift */; };
		BF8E5A422765344600FADD31 /* WindowMover.swift in Sources */ = {isa = PBXBuildFile; fileRef = BF8E5A412765344600FADD31 /* WindowMover.swift */; };
		E7AD439665B6BDF2A9A41F5F /* Pods_DivideAndConquerTests.framework in Frameworks */ = {isa = PBXBuildFile; fileRef = 1D2FE2355E1EB53B25C8D58C /* Pods_DivideAndConquerTests.framework */; };
/* End PBXBuildFile section */

/* Begin PBXContainerItemProxy section */
		9824701C22AF9B7E0037B409 /* PBXContainerItemProxy */ = {
			isa = PBXContainerItemProxy;
			containerPortal = 9824700122AF9B7D0037B409 /* Project object */;
			proxyType = 1;
			remoteGlobalIDString = 9824700822AF9B7D0037B409;
			remoteInfo = DivideAndConquer;
		};
/* End PBXContainerItemProxy section */

/* Begin PBXCopyFilesBuildPhase section */
		9821405A22B3EC9900ABFB3F /* CopyFiles */ = {
			isa = PBXCopyFilesBuildPhase;
			buildActionMask = 2147483647;
			dstPath = Contents/Library/LoginItems;
			dstSubfolderSpec = 1;
			files = (
				9821405B22B3ECCA00ABFB3F /* DivideAndConquerLauncher.app in CopyFiles */,
			);
			runOnlyForDeploymentPostprocessing = 0;
		};
/* End PBXCopyFilesBuildPhase section */

/* Begin PBXFileReference section */
		0BC9E4678FBAC58EC08C265C /* Pods-DivideAndConquerLauncher.release.xcconfig */ = {isa = PBXFileReference; includeInIndex = 1; lastKnownFileType = text.xcconfig; name = "Pods-DivideAndConquerLauncher.release.xcconfig"; path = "Target Support Files/Pods-DivideAndConquerLauncher/Pods-DivideAndConquerLauncher.release.xcconfig"; sourceTree = "<group>"; };
		1D2FE2355E1EB53B25C8D58C /* Pods_DivideAndConquerTests.framework */ = {isa = PBXFileReference; explicitFileType = wrapper.framework; includeInIndex = 0; path = Pods_DivideAndConquerTests.framework; sourceTree = BUILT_PRODUCTS_DIR; };
		394D908E4D083639070C48D1 /* Pods-DivideAndConquerLauncher.debug.xcconfig */ = {isa = PBXFileReference; includeInIndex = 1; lastKnownFileType = text.xcconfig; name = "Pods-DivideAndConquerLauncher.debug.xcconfig"; path = "Target Support Files/Pods-DivideAndConquerLauncher/Pods-DivideAndConquerLauncher.debug.xcconfig"; sourceTree = "<group>"; };
		86C8F9FE9466268BAC3636B5 /* Pods-DivideAndConquerTests.release.xcconfig */ = {isa = PBXFileReference; includeInIndex = 1; lastKnownFileType = text.xcconfig; name = "Pods-DivideAndConquerTests.release.xcconfig"; path = "Target Support Files/Pods-DivideAndConquerTests/Pods-DivideAndConquerTests.release.xcconfig"; sourceTree = "<group>"; };
		9808018523D05C0B0077774A /* DivideAndConquerRelease.entitlements */ = {isa = PBXFileReference; lastKnownFileType = text.plist.entitlements; path = DivideAndConquerRelease.entitlements; sourceTree = "<group>"; };
		9808018623D05C1F0077774A /* DivideAndConquerLauncherRelease.entitlements */ = {isa = PBXFileReference; lastKnownFileType = text.plist.entitlements; path = DivideAndConquerLauncherRelease.entitlements; sourceTree = "<group>"; };
		98192DD9270F606C00015E66 /* Debounce.swift */ = {isa = PBXFileReference; lastKnownFileType = sourcecode.swift; path = Debounce.swift; sourceTree = "<group>"; };
		981F27D02340E3E1006CD263 /* InternetAccessPolicy.plist */ = {isa = PBXFileReference; fileEncoding = 4; lastKnownFileType = text.plist.xml; path = InternetAccessPolicy.plist; sourceTree = "<group>"; };
		9821403C22B3EBD900ABFB3F /* DivideAndConquerLauncher.app */ = {isa = PBXFileReference; explicitFileType = wrapper.application; includeInIndex = 0; path = DivideAndConquerLauncher.app; sourceTree = BUILT_PRODUCTS_DIR; };
		9821403E22B3EBD900ABFB3F /* AppDelegate.swift */ = {isa = PBXFileReference; lastKnownFileType = sourcecode.swift; path = AppDelegate.swift; sourceTree = "<group>"; };
		9821404222B3EBDA00ABFB3F /* Assets.xcassets */ = {isa = PBXFileReference; lastKnownFileType = folder.assetcatalog; path = Assets.xcassets; sourceTree = "<group>"; };
		9821404522B3EBDA00ABFB3F /* Base */ = {isa = PBXFileReference; lastKnownFileType = file.storyboard; name = Base; path = Base.lproj/Main.storyboard; sourceTree = "<group>"; };
		9821404722B3EBDA00ABFB3F /* Info.plist */ = {isa = PBXFileReference; lastKnownFileType = text.plist.xml; path = Info.plist; sourceTree = "<group>"; };
		9821404822B3EBDA00ABFB3F /* DivideAndConquerLauncher.entitlements */ = {isa = PBXFileReference; lastKnownFileType = text.plist.entitlements; path = DivideAndConquerLauncher.entitlements; sourceTree = "<group>"; };
		9821405D22B3ED3600ABFB3F /* ServiceManagement.framework */ = {isa = PBXFileReference; lastKnownFileType = wrapper.framework; name = ServiceManagement.framework; path = System/Library/Frameworks/ServiceManagement.framework; sourceTree = SDKROOT; };
		9821405F22B3EFB200ABFB3F /* Defaults.swift */ = {isa = PBXFileReference; lastKnownFileType = sourcecode.swift; path = Defaults.swift; sourceTree = "<group>"; };
		9824700922AF9B7D0037B409 /* DivideAndConquer.app */ = {isa = PBXFileReference; explicitFileType = wrapper.application; includeInIndex = 0; path = DivideAndConquer.app; sourceTree = BUILT_PRODUCTS_DIR; };
		9824700C22AF9B7D0037B409 /* AppDelegate.swift */ = {isa = PBXFileReference; lastKnownFileType = sourcecode.swift; path = AppDelegate.swift; sourceTree = "<group>"; };
		9824701022AF9B7E0037B409 /* Assets.xcassets */ = {isa = PBXFileReference; lastKnownFileType = folder.assetcatalog; path = Assets.xcassets; sourceTree = "<group>"; };
		9824701322AF9B7E0037B409 /* Base */ = {isa = PBXFileReference; lastKnownFileType = file.storyboard; name = Base; path = Base.lproj/Main.storyboard; sourceTree = "<group>"; };
		9824701522AF9B7E0037B409 /* Info.plist */ = {isa = PBXFileReference; lastKnownFileType = text.plist.xml; path = Info.plist; sourceTree = "<group>"; };
		9824701622AF9B7E0037B409 /* DivideAndConquer.entitlements */ = {isa = PBXFileReference; lastKnownFileType = text.plist.entitlements; path = DivideAndConquer.entitlements; sourceTree = "<group>"; };
		9824701B22AF9B7E0037B409 /* DivideAndConquerTests.xctest */ = {isa = PBXFileReference; explicitFileType = wrapper.cfbundle; includeInIndex = 0; path = DivideAndConquerTests.xctest; sourceTree = BUILT_PRODUCTS_DIR; };
		9824701F22AF9B7E0037B409 /* DivideAndConquerTests.swift */ = {isa = PBXFileReference; lastKnownFileType = sourcecode.swift; path = DivideAndConquerTests.swift; sourceTree = "<group>"; };
		9824702122AF9B7E0037B409 /* Info.plist */ = {isa = PBXFileReference; lastKnownFileType = text.plist.xml; path = Info.plist; sourceTree = "<group>"; };
		9824702A22AFA22E0037B409 /* AccessibilityWindowController.swift */ = {isa = PBXFileReference; fileEncoding = 4; lastKnownFileType = sourcecode.swift; path = AccessibilityWindowController.swift; sourceTree = "<group>"; };
		9824702E22AFA2E50037B409 /* AccessibilityAuthorization.swift */ = {isa = PBXFileReference; lastKnownFileType = sourcecode.swift; path = AccessibilityAuthorization.swift; sourceTree = "<group>"; };
		9824703022AFA8470037B409 /* DivideAndConquerStatusItem.swift */ = {isa = PBXFileReference; lastKnownFileType = sourcecode.swift; path = DivideAndConquerStatusItem.swift; sourceTree = "<group>"; };
		9824703A22B139780037B409 /* CUtil.swift */ = {isa = PBXFileReference; lastKnownFileType = sourcecode.swift; path = CUtil.swift; sourceTree = "<group>"; };
		9824703C22B13C7E0037B409 /* AccessibilityElement.swift */ = {isa = PBXFileReference; lastKnownFileType = sourcecode.swift; path = AccessibilityElement.swift; sourceTree = "<group>"; };
		9824703E22B13FBC0037B409 /* ScreenDetection.swift */ = {isa = PBXFileReference; fileEncoding = 4; lastKnownFileType = sourcecode.swift; path = ScreenDetection.swift; sourceTree = "<group>"; };
		983BBD6E253B609D000D223E /* GridWindow.swift */ = {isa = PBXFileReference; lastKnownFileType = sourcecode.swift; path = GridWindow.swift; sourceTree = "<group>"; };
		985B9BF422B93EEC00A2E8F0 /* ApplicationToggle.swift */ = {isa = PBXFileReference; lastKnownFileType = sourcecode.swift; path = ApplicationToggle.swift; sourceTree = "<group>"; };
		985B9BF622BB6F5000A2E8F0 /* MessageView.xib */ = {isa = PBXFileReference; fileEncoding = 4; lastKnownFileType = file.xib; path = MessageView.xib; sourceTree = "<group>"; };
		985B9BF722BB6F5000A2E8F0 /* MessageView.swift */ = {isa = PBXFileReference; fileEncoding = 4; lastKnownFileType = sourcecode.swift; path = MessageView.swift; sourceTree = "<group>"; };
		98910B41231476B30066EC23 /* PreferencesViewController.swift */ = {isa = PBXFileReference; fileEncoding = 4; lastKnownFileType = sourcecode.swift; name = PreferencesViewController.swift; path = DivideAndConquer/PreferencesViewController.swift; sourceTree = SOURCE_ROOT; };
		98910B5B231CF9520066EC23 /* es */ = {isa = PBXFileReference; lastKnownFileType = text.plist.strings; name = es; path = es.lproj/Main.strings; sourceTree = "<group>"; };
		98910B5C231CF9520066EC23 /* es */ = {isa = PBXFileReference; lastKnownFileType = text.plist.strings; name = es; path = es.lproj/Main.strings; sourceTree = "<group>"; };
		98910B5D231D164A0066EC23 /* fr */ = {isa = PBXFileReference; lastKnownFileType = text.plist.strings; name = fr; path = fr.lproj/Main.strings; sourceTree = "<group>"; };
		98910B5E231D164B0066EC23 /* fr */ = {isa = PBXFileReference; lastKnownFileType = text.plist.strings; name = fr; path = fr.lproj/Main.strings; sourceTree = "<group>"; };
		98910B5F231D164F0066EC23 /* de */ = {isa = PBXFileReference; lastKnownFileType = text.plist.strings; name = de; path = de.lproj/Main.strings; sourceTree = "<group>"; };
		98910B60231D164F0066EC23 /* de */ = {isa = PBXFileReference; lastKnownFileType = text.plist.strings; name = de; path = de.lproj/Main.strings; sourceTree = "<group>"; };
		98910B61231D16540066EC23 /* ru */ = {isa = PBXFileReference; lastKnownFileType = text.plist.strings; name = ru; path = ru.lproj/Main.strings; sourceTree = "<group>"; };
		98910B62231D16540066EC23 /* ru */ = {isa = PBXFileReference; lastKnownFileType = text.plist.strings; name = ru; path = ru.lproj/Main.strings; sourceTree = "<group>"; };
		98910B63231D16580066EC23 /* pt-BR */ = {isa = PBXFileReference; lastKnownFileType = text.plist.strings; name = "pt-BR"; path = "pt-BR.lproj/Main.strings"; sourceTree = "<group>"; };
		98910B64231D16580066EC23 /* pt-BR */ = {isa = PBXFileReference; lastKnownFileType = text.plist.strings; name = "pt-BR"; path = "pt-BR.lproj/Main.strings"; sourceTree = "<group>"; };
		98910B65231D165D0066EC23 /* pt-PT */ = {isa = PBXFileReference; lastKnownFileType = text.plist.strings; name = "pt-PT"; path = "pt-PT.lproj/Main.strings"; sourceTree = "<group>"; };
		98910B66231D165D0066EC23 /* pt-PT */ = {isa = PBXFileReference; lastKnownFileType = text.plist.strings; name = "pt-PT"; path = "pt-PT.lproj/Main.strings"; sourceTree = "<group>"; };
		98910B67231D16680066EC23 /* it */ = {isa = PBXFileReference; lastKnownFileType = text.plist.strings; name = it; path = it.lproj/Main.strings; sourceTree = "<group>"; };
		98910B68231D16680066EC23 /* it */ = {isa = PBXFileReference; lastKnownFileType = text.plist.strings; name = it; path = it.lproj/Main.strings; sourceTree = "<group>"; };
		98910B69231D16700066EC23 /* pl */ = {isa = PBXFileReference; lastKnownFileType = text.plist.strings; name = pl; path = pl.lproj/Main.strings; sourceTree = "<group>"; };
		98910B6A231D16710066EC23 /* pl */ = {isa = PBXFileReference; lastKnownFileType = text.plist.strings; name = pl; path = pl.lproj/Main.strings; sourceTree = "<group>"; };
		98910B6B231D16840066EC23 /* nl */ = {isa = PBXFileReference; lastKnownFileType = text.plist.strings; name = nl; path = nl.lproj/Main.strings; sourceTree = "<group>"; };
		98910B6C231D16840066EC23 /* nl */ = {isa = PBXFileReference; lastKnownFileType = text.plist.strings; name = nl; path = nl.lproj/Main.strings; sourceTree = "<group>"; };
		98910B6D231D16B00066EC23 /* es-419 */ = {isa = PBXFileReference; lastKnownFileType = text.plist.strings; name = "es-419"; path = "es-419.lproj/Main.strings"; sourceTree = "<group>"; };
		98910B6E231D16B00066EC23 /* es-419 */ = {isa = PBXFileReference; lastKnownFileType = text.plist.strings; name = "es-419"; path = "es-419.lproj/Main.strings"; sourceTree = "<group>"; };
		98987AA22391890300BE72C4 /* LogViewer.storyboard */ = {isa = PBXFileReference; fileEncoding = 4; lastKnownFileType = file.storyboard; path = LogViewer.storyboard; sourceTree = "<group>"; };
		98987AA32391890400BE72C4 /* LogViewer.swift */ = {isa = PBXFileReference; fileEncoding = 4; lastKnownFileType = sourcecode.swift; path = LogViewer.swift; sourceTree = "<group>"; };
		989DA30D243FC0DF008C7AA4 /* WelcomeViewController.swift */ = {isa = PBXFileReference; lastKnownFileType = sourcecode.swift; path = WelcomeViewController.swift; sourceTree = "<group>"; };
		98BEFA472620DEDC00D9D54F /* NSImageExtension.swift */ = {isa = PBXFileReference; lastKnownFileType = sourcecode.swift; path = NSImageExtension.swift; sourceTree = "<group>"; };
		98C2755D231FF6A9009B9292 /* MouseMonitor.swift */ = {isa = PBXFileReference; lastKnownFileType = sourcecode.swift; path = MouseMonitor.swift; sourceTree = "<group>"; };
		98C27560231FFA5F009B9292 /* SnappingManager.swift */ = {isa = PBXFileReference; lastKnownFileType = sourcecode.swift; path = SnappingManager.swift; sourceTree = "<group>"; };
		98C97FFC25893B040061F01F /* Config.swift */ = {isa = PBXFileReference; lastKnownFileType = sourcecode.swift; path = Config.swift; sourceTree = "<group>"; };
		98D1441224560B1E0090C603 /* AlertUtil.swift */ = {isa = PBXFileReference; lastKnownFileType = sourcecode.swift; path = AlertUtil.swift; sourceTree = "<group>"; };
		98D16A482592B460005228CB /* NotificationExtension.swift */ = {isa = PBXFileReference; lastKnownFileType = sourcecode.swift; path = NotificationExtension.swift; sourceTree = "<group>"; };
		98D4B6C425B6256C009C7BF6 /* TodoManager.swift */ = {isa = PBXFileReference; lastKnownFileType = sourcecode.swift; path = TodoManager.swift; sourceTree = "<group>"; };
		98ED1C722393DEE600CD0955 /* ja */ = {isa = PBXFileReference; lastKnownFileType = text.plist.strings; name = ja; path = ja.lproj/Main.strings; sourceTree = "<group>"; };
		98ED1C732393DEE600CD0955 /* ja */ = {isa = PBXFileReference; lastKnownFileType = text.plist.strings; name = ja; path = ja.lproj/Main.strings; sourceTree = "<group>"; };
		98ED1C742393DEF200CD0955 /* zh-Hans */ = {isa = PBXFileReference; lastKnownFileType = text.plist.strings; name = "zh-Hans"; path = "zh-Hans.lproj/Main.strings"; sourceTree = "<group>"; };
		98ED1C752393DEF200CD0955 /* zh-Hans */ = {isa = PBXFileReference; lastKnownFileType = text.plist.strings; name = "zh-Hans"; path = "zh-Hans.lproj/Main.strings"; sourceTree = "<group>"; };
		98ED1C762393DEFC00CD0955 /* zh-Hant */ = {isa = PBXFileReference; lastKnownFileType = text.plist.strings; name = "zh-Hant"; path = "zh-Hant.lproj/Main.strings"; sourceTree = "<group>"; };
		98ED1C772393DEFC00CD0955 /* zh-Hant */ = {isa = PBXFileReference; lastKnownFileType = text.plist.strings; name = "zh-Hant"; path = "zh-Hant.lproj/Main.strings"; sourceTree = "<group>"; };
		98ED1C782393DF0900CD0955 /* ko */ = {isa = PBXFileReference; lastKnownFileType = text.plist.strings; name = ko; path = ko.lproj/Main.strings; sourceTree = "<group>"; };
		98ED1C792393DF0900CD0955 /* ko */ = {isa = PBXFileReference; lastKnownFileType = text.plist.strings; name = ko; path = ko.lproj/Main.strings; sourceTree = "<group>"; };
		98FE8974246E79A600871535 /* zh-Hant-TW */ = {isa = PBXFileReference; lastKnownFileType = text.plist.strings; name = "zh-Hant-TW"; path = "zh-Hant-TW.lproj/Main.strings"; sourceTree = "<group>"; };
		98FE8975246E79A600871535 /* zh-Hant-TW */ = {isa = PBXFileReference; lastKnownFileType = text.plist.strings; name = "zh-Hant-TW"; path = "zh-Hant-TW.lproj/Main.strings"; sourceTree = "<group>"; };
		98FE8976246E79C400871535 /* zh-Hant-HK */ = {isa = PBXFileReference; lastKnownFileType = text.plist.strings; name = "zh-Hant-HK"; path = "zh-Hant-HK.lproj/Main.strings"; sourceTree = "<group>"; };
		98FE8977246E79C400871535 /* zh-Hant-HK */ = {isa = PBXFileReference; lastKnownFileType = text.plist.strings; name = "zh-Hant-HK"; path = "zh-Hant-HK.lproj/Main.strings"; sourceTree = "<group>"; };
		BF8E5A3F27641ED100FADD31 /* GridManager.swift */ = {isa = PBXFileReference; lastKnownFileType = sourcecode.swift; path = GridManager.swift; sourceTree = "<group>"; };
		BF8E5A412765344600FADD31 /* WindowMover.swift */ = {isa = PBXFileReference; lastKnownFileType = sourcecode.swift; path = WindowMover.swift; sourceTree = "<group>"; };
		CA6B2E765AC65E7A93211660 /* Pods_DivideAndConquer.framework */ = {isa = PBXFileReference; explicitFileType = wrapper.framework; includeInIndex = 0; path = Pods_DivideAndConquer.framework; sourceTree = BUILT_PRODUCTS_DIR; };
		E208C153105113FC1988B3A3 /* Pods-DivideAndConquerTests.debug.xcconfig */ = {isa = PBXFileReference; includeInIndex = 1; lastKnownFileType = text.xcconfig; name = "Pods-DivideAndConquerTests.debug.xcconfig"; path = "Target Support Files/Pods-DivideAndConquerTests/Pods-DivideAndConquerTests.debug.xcconfig"; sourceTree = "<group>"; };
		E6A39D15D3D095AEFF572BAB /* Pods-DivideAndConquer.debug.xcconfig */ = {isa = PBXFileReference; includeInIndex = 1; lastKnownFileType = text.xcconfig; name = "Pods-DivideAndConquer.debug.xcconfig"; path = "Target Support Files/Pods-DivideAndConquer/Pods-DivideAndConquer.debug.xcconfig"; sourceTree = "<group>"; };
		F57DFDEFC8F7FADE37EA5AB0 /* Pods_DivideAndConquerLauncher.framework */ = {isa = PBXFileReference; explicitFileType = wrapper.framework; includeInIndex = 0; path = Pods_DivideAndConquerLauncher.framework; sourceTree = BUILT_PRODUCTS_DIR; };
		FE9301EACAF42F35102E1F5E /* Pods-DivideAndConquer.release.xcconfig */ = {isa = PBXFileReference; includeInIndex = 1; lastKnownFileType = text.xcconfig; name = "Pods-DivideAndConquer.release.xcconfig"; path = "Target Support Files/Pods-DivideAndConquer/Pods-DivideAndConquer.release.xcconfig"; sourceTree = "<group>"; };
/* End PBXFileReference section */

/* Begin PBXFrameworksBuildPhase section */
		9821403922B3EBD900ABFB3F /* Frameworks */ = {
			isa = PBXFrameworksBuildPhase;
			buildActionMask = 2147483647;
			files = (
				1269BDFA0FD94A0DFDBF36C2 /* Pods_DivideAndConquerLauncher.framework in Frameworks */,
			);
			runOnlyForDeploymentPostprocessing = 0;
		};
		9824700622AF9B7D0037B409 /* Frameworks */ = {
			isa = PBXFrameworksBuildPhase;
			buildActionMask = 2147483647;
			files = (
				9821405E22B3ED3600ABFB3F /* ServiceManagement.framework in Frameworks */,
				A1EAB8D46AEAFD3D885BFBAD /* Pods_DivideAndConquer.framework in Frameworks */,
			);
			runOnlyForDeploymentPostprocessing = 0;
		};
		9824701822AF9B7E0037B409 /* Frameworks */ = {
			isa = PBXFrameworksBuildPhase;
			buildActionMask = 2147483647;
			files = (
				E7AD439665B6BDF2A9A41F5F /* Pods_DivideAndConquerTests.framework in Frameworks */,
			);
			runOnlyForDeploymentPostprocessing = 0;
		};
/* End PBXFrameworksBuildPhase section */

/* Begin PBXGroup section */
		67F292BA10681FCA82000D3E /* Pods */ = {
			isa = PBXGroup;
			children = (
				E6A39D15D3D095AEFF572BAB /* Pods-DivideAndConquer.debug.xcconfig */,
				FE9301EACAF42F35102E1F5E /* Pods-DivideAndConquer.release.xcconfig */,
				394D908E4D083639070C48D1 /* Pods-DivideAndConquerLauncher.debug.xcconfig */,
				0BC9E4678FBAC58EC08C265C /* Pods-DivideAndConquerLauncher.release.xcconfig */,
				E208C153105113FC1988B3A3 /* Pods-DivideAndConquerTests.debug.xcconfig */,
				86C8F9FE9466268BAC3636B5 /* Pods-DivideAndConquerTests.release.xcconfig */,
			);
			path = Pods;
			sourceTree = "<group>";
		};
		9821403D22B3EBD900ABFB3F /* DivideAndConquerLauncher */ = {
			isa = PBXGroup;
			children = (
				9808018623D05C1F0077774A /* DivideAndConquerLauncherRelease.entitlements */,
				9821403E22B3EBD900ABFB3F /* AppDelegate.swift */,
				9821404222B3EBDA00ABFB3F /* Assets.xcassets */,
				9821404422B3EBDA00ABFB3F /* Main.storyboard */,
				9821404722B3EBDA00ABFB3F /* Info.plist */,
				9821404822B3EBDA00ABFB3F /* DivideAndConquerLauncher.entitlements */,
			);
			path = DivideAndConquerLauncher;
			sourceTree = "<group>";
		};
		9821405C22B3ED3600ABFB3F /* Frameworks */ = {
			isa = PBXGroup;
			children = (
				9821405D22B3ED3600ABFB3F /* ServiceManagement.framework */,
				CA6B2E765AC65E7A93211660 /* Pods_DivideAndConquer.framework */,
				F57DFDEFC8F7FADE37EA5AB0 /* Pods_DivideAndConquerLauncher.framework */,
				1D2FE2355E1EB53B25C8D58C /* Pods_DivideAndConquerTests.framework */,
			);
			name = Frameworks;
			sourceTree = "<group>";
		};
		982140EB22B7DB1A00ABFB3F /* AccessibilityAuthorization */ = {
			isa = PBXGroup;
			children = (
				9824702E22AFA2E50037B409 /* AccessibilityAuthorization.swift */,
				9824702A22AFA22E0037B409 /* AccessibilityWindowController.swift */,
			);
			path = AccessibilityAuthorization;
			sourceTree = "<group>";
		};
		982140EC22B7DB5700ABFB3F /* Utilities */ = {
			isa = PBXGroup;
			children = (
				9824703A22B139780037B409 /* CUtil.swift */,
				98D1441224560B1E0090C603 /* AlertUtil.swift */,
				98D16A482592B460005228CB /* NotificationExtension.swift */,
				98BEFA472620DEDC00D9D54F /* NSImageExtension.swift */,
				98192DD9270F606C00015E66 /* Debounce.swift */,
			);
			path = Utilities;
			sourceTree = "<group>";
		};
		9824700022AF9B7D0037B409 = {
			isa = PBXGroup;
			children = (
				9824700B22AF9B7D0037B409 /* DivideAndConquer */,
				9824701E22AF9B7E0037B409 /* DivideAndConquerTests */,
				9821403D22B3EBD900ABFB3F /* DivideAndConquerLauncher */,
				9824700A22AF9B7D0037B409 /* Products */,
				9821405C22B3ED3600ABFB3F /* Frameworks */,
				67F292BA10681FCA82000D3E /* Pods */,
			);
			sourceTree = "<group>";
		};
		9824700A22AF9B7D0037B409 /* Products */ = {
			isa = PBXGroup;
			children = (
				9824700922AF9B7D0037B409 /* DivideAndConquer.app */,
				9824701B22AF9B7E0037B409 /* DivideAndConquerTests.xctest */,
				9821403C22B3EBD900ABFB3F /* DivideAndConquerLauncher.app */,
			);
			name = Products;
			sourceTree = "<group>";
		};
		9824700B22AF9B7D0037B409 /* DivideAndConquer */ = {
			isa = PBXGroup;
			children = (
				9824700C22AF9B7D0037B409 /* AppDelegate.swift */,
				9824701022AF9B7E0037B409 /* Assets.xcassets */,
				9824701222AF9B7E0037B409 /* Main.storyboard */,
				9824701522AF9B7E0037B409 /* Info.plist */,
				981F27D02340E3E1006CD263 /* InternetAccessPolicy.plist */,
				9808018523D05C0B0077774A /* DivideAndConquerRelease.entitlements */,
				9824701622AF9B7E0037B409 /* DivideAndConquer.entitlements */,
				9821405F22B3EFB200ABFB3F /* Defaults.swift */,
				985B9BF422B93EEC00A2E8F0 /* ApplicationToggle.swift */,
				9824703022AFA8470037B409 /* DivideAndConquerStatusItem.swift */,
				9824703C22B13C7E0037B409 /* AccessibilityElement.swift */,
				9824703E22B13FBC0037B409 /* ScreenDetection.swift */,
				98987AA62391890C00BE72C4 /* Logging */,
				98910B3C2311304D0066EC23 /* PrefsWindow */,
				989DA30C243FC0C3008C7AA4 /* WelcomeWindow */,
				98C2755F231FF6AE009B9292 /* Snapping */,
				98D4B6C925B625B6009C7BF6 /* TodoMode */,
				985B9BFA22BE218C00A2E8F0 /* Popover */,
				982140EB22B7DB1A00ABFB3F /* AccessibilityAuthorization */,
				982140EC22B7DB5700ABFB3F /* Utilities */,
			);
			path = DivideAndConquer;
			sourceTree = "<group>";
		};
		9824701E22AF9B7E0037B409 /* DivideAndConquerTests */ = {
			isa = PBXGroup;
			children = (
				9824701F22AF9B7E0037B409 /* DivideAndConquerTests.swift */,
				9824702122AF9B7E0037B409 /* Info.plist */,
			);
			path = DivideAndConquerTests;
			sourceTree = "<group>";
		};
		985B9BFA22BE218C00A2E8F0 /* Popover */ = {
			isa = PBXGroup;
			children = (
				985B9BF722BB6F5000A2E8F0 /* MessageView.swift */,
				985B9BF622BB6F5000A2E8F0 /* MessageView.xib */,
			);
			path = Popover;
			sourceTree = "<group>";
		};
		98910B3C2311304D0066EC23 /* PrefsWindow */ = {
			isa = PBXGroup;
			children = (
				98910B41231476B30066EC23 /* PreferencesViewController.swift */,
				98C97FFC25893B040061F01F /* Config.swift */,
			);
			path = PrefsWindow;
			sourceTree = "<group>";
		};
		98987AA62391890C00BE72C4 /* Logging */ = {
			isa = PBXGroup;
			children = (
				98987AA22391890300BE72C4 /* LogViewer.storyboard */,
				98987AA32391890400BE72C4 /* LogViewer.swift */,
			);
			path = Logging;
			sourceTree = "<group>";
		};
		989DA30C243FC0C3008C7AA4 /* WelcomeWindow */ = {
			isa = PBXGroup;
			children = (
				989DA30D243FC0DF008C7AA4 /* WelcomeViewController.swift */,
			);
			path = WelcomeWindow;
			sourceTree = "<group>";
		};
		98C2755F231FF6AE009B9292 /* Snapping */ = {
			isa = PBXGroup;
			children = (
				98C2755D231FF6A9009B9292 /* MouseMonitor.swift */,
				98C27560231FFA5F009B9292 /* SnappingManager.swift */,
				983BBD6E253B609D000D223E /* GridWindow.swift */,
				BF8E5A3F27641ED100FADD31 /* GridManager.swift */,
				BF8E5A412765344600FADD31 /* WindowMover.swift */,
			);
			path = Snapping;
			sourceTree = "<group>";
		};
		98D4B6C925B625B6009C7BF6 /* TodoMode */ = {
			isa = PBXGroup;
			children = (
				98D4B6C425B6256C009C7BF6 /* TodoManager.swift */,
			);
			path = TodoMode;
			sourceTree = "<group>";
		};
/* End PBXGroup section */

/* Begin PBXNativeTarget section */
		9821403B22B3EBD900ABFB3F /* DivideAndConquerLauncher */ = {
			isa = PBXNativeTarget;
			buildConfigurationList = 9821405422B3EBDA00ABFB3F /* Build configuration list for PBXNativeTarget "DivideAndConquerLauncher" */;
			buildPhases = (
				C9801420FC208F52A8637D52 /* [CP] Check Pods Manifest.lock */,
				9821403822B3EBD900ABFB3F /* Sources */,
				9821403922B3EBD900ABFB3F /* Frameworks */,
				9821403A22B3EBD900ABFB3F /* Resources */,
			);
			buildRules = (
			);
			dependencies = (
			);
			name = DivideAndConquerLauncher;
			productName = DivideAndConquerLauncher;
			productReference = 9821403C22B3EBD900ABFB3F /* DivideAndConquerLauncher.app */;
			productType = "com.apple.product-type.application";
		};
		9824700822AF9B7D0037B409 /* DivideAndConquer */ = {
			isa = PBXNativeTarget;
			buildConfigurationList = 9824702422AF9B7E0037B409 /* Build configuration list for PBXNativeTarget "DivideAndConquer" */;
			buildPhases = (
				7E5C1E05AF162FC84E8EBF25 /* [CP] Check Pods Manifest.lock */,
				9824700522AF9B7D0037B409 /* Sources */,
				9824700622AF9B7D0037B409 /* Frameworks */,
				9824700722AF9B7D0037B409 /* Resources */,
				9821405A22B3EC9900ABFB3F /* CopyFiles */,
				0795FB8DAA321B008395AA5B /* [CP] Embed Pods Frameworks */,
			);
			buildRules = (
			);
			dependencies = (
			);
			name = DivideAndConquer;
			productName = DivideAndConquer;
			productReference = 9824700922AF9B7D0037B409 /* DivideAndConquer.app */;
			productType = "com.apple.product-type.application";
		};
		9824701A22AF9B7E0037B409 /* DivideAndConquerTests */ = {
			isa = PBXNativeTarget;
			buildConfigurationList = 9824702722AF9B7E0037B409 /* Build configuration list for PBXNativeTarget "DivideAndConquerTests" */;
			buildPhases = (
				3CA5C06E7819B8B8A4F5CCD9 /* [CP] Check Pods Manifest.lock */,
				9824701722AF9B7E0037B409 /* Sources */,
				9824701822AF9B7E0037B409 /* Frameworks */,
				9824701922AF9B7E0037B409 /* Resources */,
			);
			buildRules = (
			);
			dependencies = (
				9824701D22AF9B7E0037B409 /* PBXTargetDependency */,
			);
			name = DivideAndConquerTests;
			productName = DivideAndConquerTests;
			productReference = 9824701B22AF9B7E0037B409 /* DivideAndConquerTests.xctest */;
			productType = "com.apple.product-type.bundle.unit-test";
		};
/* End PBXNativeTarget section */

/* Begin PBXProject section */
		9824700122AF9B7D0037B409 /* Project object */ = {
			isa = PBXProject;
			attributes = {
				LastSwiftUpdateCheck = 1020;
				LastUpgradeCheck = 1200;
				ORGANIZATIONNAME = "Jake Bickle";
				TargetAttributes = {
					9821403B22B3EBD900ABFB3F = {
						CreatedOnToolsVersion = 10.2.1;
						SystemCapabilities = {
							com.apple.HardenedRuntime = {
								enabled = 0;
							};
							com.apple.Sandbox = {
								enabled = 1;
							};
						};
					};
					9824700822AF9B7D0037B409 = {
						CreatedOnToolsVersion = 10.2.1;
						SystemCapabilities = {
							com.apple.HardenedRuntime = {
								enabled = 0;
							};
							com.apple.Sandbox = {
								enabled = 0;
							};
						};
					};
					9824701A22AF9B7E0037B409 = {
						CreatedOnToolsVersion = 10.2.1;
						TestTargetID = 9824700822AF9B7D0037B409;
					};
				};
			};
			buildConfigurationList = 9824700422AF9B7D0037B409 /* Build configuration list for PBXProject "DivideAndConquer" */;
			compatibilityVersion = "Xcode 9.3";
			developmentRegion = en;
			hasScannedForEncodings = 0;
			knownRegions = (
				en,
				Base,
				es,
				fr,
				de,
				ru,
				"pt-BR",
				"pt-PT",
				it,
				pl,
				nl,
				"es-419",
				ja,
				"zh-Hans",
				"zh-Hant",
				ko,
				"zh-Hant-TW",
				"zh-Hant-HK",
			);
			mainGroup = 9824700022AF9B7D0037B409;
			productRefGroup = 9824700A22AF9B7D0037B409 /* Products */;
			projectDirPath = "";
			projectRoot = "";
			targets = (
				9824700822AF9B7D0037B409 /* DivideAndConquer */,
				9824701A22AF9B7E0037B409 /* DivideAndConquerTests */,
				9821403B22B3EBD900ABFB3F /* DivideAndConquerLauncher */,
			);
		};
/* End PBXProject section */

/* Begin PBXResourcesBuildPhase section */
		9821403A22B3EBD900ABFB3F /* Resources */ = {
			isa = PBXResourcesBuildPhase;
			buildActionMask = 2147483647;
			files = (
				9821404322B3EBDA00ABFB3F /* Assets.xcassets in Resources */,
				9821404622B3EBDA00ABFB3F /* Main.storyboard in Resources */,
			);
			runOnlyForDeploymentPostprocessing = 0;
		};
		9824700722AF9B7D0037B409 /* Resources */ = {
			isa = PBXResourcesBuildPhase;
			buildActionMask = 2147483647;
			files = (
				985B9BF822BB6F5100A2E8F0 /* MessageView.xib in Resources */,
				9824701122AF9B7E0037B409 /* Assets.xcassets in Resources */,
				9824701422AF9B7E0037B409 /* Main.storyboard in Resources */,
				981F27D12340E3E1006CD263 /* InternetAccessPolicy.plist in Resources */,
				98987AA42391890400BE72C4 /* LogViewer.storyboard in Resources */,
			);
			runOnlyForDeploymentPostprocessing = 0;
		};
		9824701922AF9B7E0037B409 /* Resources */ = {
			isa = PBXResourcesBuildPhase;
			buildActionMask = 2147483647;
			files = (
			);
			runOnlyForDeploymentPostprocessing = 0;
		};
/* End PBXResourcesBuildPhase section */

/* Begin PBXShellScriptBuildPhase section */
		0795FB8DAA321B008395AA5B /* [CP] Embed Pods Frameworks */ = {
			isa = PBXShellScriptBuildPhase;
			buildActionMask = 2147483647;
			files = (
			);
			inputFileListPaths = (
				"${PODS_ROOT}/Target Support Files/Pods-DivideAndConquer/Pods-DivideAndConquer-frameworks-${CONFIGURATION}-input-files.xcfilelist",
			);
			name = "[CP] Embed Pods Frameworks";
			outputFileListPaths = (
				"${PODS_ROOT}/Target Support Files/Pods-DivideAndConquer/Pods-DivideAndConquer-frameworks-${CONFIGURATION}-output-files.xcfilelist",
			);
			runOnlyForDeploymentPostprocessing = 0;
			shellPath = /bin/sh;
			shellScript = "\"${PODS_ROOT}/Target Support Files/Pods-DivideAndConquer/Pods-DivideAndConquer-frameworks.sh\"\n";
			showEnvVarsInLog = 0;
		};
		3CA5C06E7819B8B8A4F5CCD9 /* [CP] Check Pods Manifest.lock */ = {
			isa = PBXShellScriptBuildPhase;
			buildActionMask = 2147483647;
			files = (
			);
			inputFileListPaths = (
			);
			inputPaths = (
				"${PODS_PODFILE_DIR_PATH}/Podfile.lock",
				"${PODS_ROOT}/Manifest.lock",
			);
			name = "[CP] Check Pods Manifest.lock";
			outputFileListPaths = (
			);
			outputPaths = (
				"$(DERIVED_FILE_DIR)/Pods-DivideAndConquerTests-checkManifestLockResult.txt",
			);
			runOnlyForDeploymentPostprocessing = 0;
			shellPath = /bin/sh;
			shellScript = "diff \"${PODS_PODFILE_DIR_PATH}/Podfile.lock\" \"${PODS_ROOT}/Manifest.lock\" > /dev/null\nif [ $? != 0 ] ; then\n    # print error to STDERR\n    echo \"error: The sandbox is not in sync with the Podfile.lock. Run 'pod install' or update your CocoaPods installation.\" >&2\n    exit 1\nfi\n# This output is used by Xcode 'outputs' to avoid re-running this script phase.\necho \"SUCCESS\" > \"${SCRIPT_OUTPUT_FILE_0}\"\n";
			showEnvVarsInLog = 0;
		};
		7E5C1E05AF162FC84E8EBF25 /* [CP] Check Pods Manifest.lock */ = {
			isa = PBXShellScriptBuildPhase;
			buildActionMask = 2147483647;
			files = (
			);
			inputFileListPaths = (
			);
			inputPaths = (
				"${PODS_PODFILE_DIR_PATH}/Podfile.lock",
				"${PODS_ROOT}/Manifest.lock",
			);
			name = "[CP] Check Pods Manifest.lock";
			outputFileListPaths = (
			);
			outputPaths = (
				"$(DERIVED_FILE_DIR)/Pods-DivideAndConquer-checkManifestLockResult.txt",
			);
			runOnlyForDeploymentPostprocessing = 0;
			shellPath = /bin/sh;
			shellScript = "diff \"${PODS_PODFILE_DIR_PATH}/Podfile.lock\" \"${PODS_ROOT}/Manifest.lock\" > /dev/null\nif [ $? != 0 ] ; then\n    # print error to STDERR\n    echo \"error: The sandbox is not in sync with the Podfile.lock. Run 'pod install' or update your CocoaPods installation.\" >&2\n    exit 1\nfi\n# This output is used by Xcode 'outputs' to avoid re-running this script phase.\necho \"SUCCESS\" > \"${SCRIPT_OUTPUT_FILE_0}\"\n";
			showEnvVarsInLog = 0;
		};
		C9801420FC208F52A8637D52 /* [CP] Check Pods Manifest.lock */ = {
			isa = PBXShellScriptBuildPhase;
			buildActionMask = 2147483647;
			files = (
			);
			inputFileListPaths = (
			);
			inputPaths = (
				"${PODS_PODFILE_DIR_PATH}/Podfile.lock",
				"${PODS_ROOT}/Manifest.lock",
			);
			name = "[CP] Check Pods Manifest.lock";
			outputFileListPaths = (
			);
			outputPaths = (
				"$(DERIVED_FILE_DIR)/Pods-DivideAndConquerLauncher-checkManifestLockResult.txt",
			);
			runOnlyForDeploymentPostprocessing = 0;
			shellPath = /bin/sh;
			shellScript = "diff \"${PODS_PODFILE_DIR_PATH}/Podfile.lock\" \"${PODS_ROOT}/Manifest.lock\" > /dev/null\nif [ $? != 0 ] ; then\n    # print error to STDERR\n    echo \"error: The sandbox is not in sync with the Podfile.lock. Run 'pod install' or update your CocoaPods installation.\" >&2\n    exit 1\nfi\n# This output is used by Xcode 'outputs' to avoid re-running this script phase.\necho \"SUCCESS\" > \"${SCRIPT_OUTPUT_FILE_0}\"\n";
			showEnvVarsInLog = 0;
		};
/* End PBXShellScriptBuildPhase section */

/* Begin PBXSourcesBuildPhase section */
		9821403822B3EBD900ABFB3F /* Sources */ = {
			isa = PBXSourcesBuildPhase;
			buildActionMask = 2147483647;
			files = (
				9821403F22B3EBD900ABFB3F /* AppDelegate.swift in Sources */,
			);
			runOnlyForDeploymentPostprocessing = 0;
		};
		9824700522AF9B7D0037B409 /* Sources */ = {
			isa = PBXSourcesBuildPhase;
			buildActionMask = 2147483647;
			files = (
				9824702F22AFA2E50037B409 /* AccessibilityAuthorization.swift in Sources */,
				98BEFA482620DEDD00D9D54F /* NSImageExtension.swift in Sources */,
				BF8E5A4027641ED100FADD31 /* GridManager.swift in Sources */,
				9824703D22B13C7E0037B409 /* AccessibilityElement.swift in Sources */,
				98D1441324560B1E0090C603 /* AlertUtil.swift in Sources */,
				985B9BF522B93EEC00A2E8F0 /* ApplicationToggle.swift in Sources */,
				98C2755E231FF6A9009B9292 /* MouseMonitor.swift in Sources */,
				9821406022B3EFB200ABFB3F /* Defaults.swift in Sources */,
				98192DDA270F606C00015E66 /* Debounce.swift in Sources */,
				9824703B22B139780037B409 /* CUtil.swift in Sources */,
				985B9BF922BB6F5100A2E8F0 /* MessageView.swift in Sources */,
				9824703F22B13FBC0037B409 /* ScreenDetection.swift in Sources */,
				9824703122AFA8470037B409 /* DivideAndConquerStatusItem.swift in Sources */,
				98C97FFD25893B040061F01F /* Config.swift in Sources */,
				989DA30E243FC0DF008C7AA4 /* WelcomeViewController.swift in Sources */,
				98C27561231FFA5F009B9292 /* SnappingManager.swift in Sources */,
				98910B42231476B30066EC23 /* PreferencesViewController.swift in Sources */,
				9824702C22AFA22E0037B409 /* AccessibilityWindowController.swift in Sources */,
				983BBD6F253B609D000D223E /* GridWindow.swift in Sources */,
				98D4B6C525B6256C009C7BF6 /* TodoManager.swift in Sources */,
				9824700D22AF9B7D0037B409 /* AppDelegate.swift in Sources */,
				BF8E5A422765344600FADD31 /* WindowMover.swift in Sources */,
				98D16A492592B460005228CB /* NotificationExtension.swift in Sources */,
				98987AA52391890400BE72C4 /* LogViewer.swift in Sources */,
			);
			runOnlyForDeploymentPostprocessing = 0;
		};
		9824701722AF9B7E0037B409 /* Sources */ = {
			isa = PBXSourcesBuildPhase;
			buildActionMask = 2147483647;
			files = (
				9824702022AF9B7E0037B409 /* DivideAndConquerTests.swift in Sources */,
			);
			runOnlyForDeploymentPostprocessing = 0;
		};
/* End PBXSourcesBuildPhase section */

/* Begin PBXTargetDependency section */
		9824701D22AF9B7E0037B409 /* PBXTargetDependency */ = {
			isa = PBXTargetDependency;
			target = 9824700822AF9B7D0037B409 /* DivideAndConquer */;
			targetProxy = 9824701C22AF9B7E0037B409 /* PBXContainerItemProxy */;
		};
/* End PBXTargetDependency section */

/* Begin PBXVariantGroup section */
		9821404422B3EBDA00ABFB3F /* Main.storyboard */ = {
			isa = PBXVariantGroup;
			children = (
				9821404522B3EBDA00ABFB3F /* Base */,
				98910B5C231CF9520066EC23 /* es */,
				98910B5E231D164B0066EC23 /* fr */,
				98910B60231D164F0066EC23 /* de */,
				98910B62231D16540066EC23 /* ru */,
				98910B64231D16580066EC23 /* pt-BR */,
				98910B66231D165D0066EC23 /* pt-PT */,
				98910B68231D16680066EC23 /* it */,
				98910B6A231D16710066EC23 /* pl */,
				98910B6C231D16840066EC23 /* nl */,
				98910B6E231D16B00066EC23 /* es-419 */,
				98ED1C732393DEE600CD0955 /* ja */,
				98ED1C752393DEF200CD0955 /* zh-Hans */,
				98ED1C772393DEFC00CD0955 /* zh-Hant */,
				98ED1C792393DF0900CD0955 /* ko */,
				98FE8975246E79A600871535 /* zh-Hant-TW */,
				98FE8977246E79C400871535 /* zh-Hant-HK */,
			);
			name = Main.storyboard;
			sourceTree = "<group>";
		};
		9824701222AF9B7E0037B409 /* Main.storyboard */ = {
			isa = PBXVariantGroup;
			children = (
				9824701322AF9B7E0037B409 /* Base */,
				98910B5B231CF9520066EC23 /* es */,
				98910B5D231D164A0066EC23 /* fr */,
				98910B5F231D164F0066EC23 /* de */,
				98910B61231D16540066EC23 /* ru */,
				98910B63231D16580066EC23 /* pt-BR */,
				98910B65231D165D0066EC23 /* pt-PT */,
				98910B67231D16680066EC23 /* it */,
				98910B69231D16700066EC23 /* pl */,
				98910B6B231D16840066EC23 /* nl */,
				98910B6D231D16B00066EC23 /* es-419 */,
				98ED1C722393DEE600CD0955 /* ja */,
				98ED1C742393DEF200CD0955 /* zh-Hans */,
				98ED1C762393DEFC00CD0955 /* zh-Hant */,
				98ED1C782393DF0900CD0955 /* ko */,
				98FE8974246E79A600871535 /* zh-Hant-TW */,
				98FE8976246E79C400871535 /* zh-Hant-HK */,
			);
			name = Main.storyboard;
			sourceTree = "<group>";
		};
/* End PBXVariantGroup section */

/* Begin XCBuildConfiguration section */
		9821405522B3EBDA00ABFB3F /* Debug */ = {
			isa = XCBuildConfiguration;
			baseConfigurationReference = 394D908E4D083639070C48D1 /* Pods-DivideAndConquerLauncher.debug.xcconfig */;
			buildSettings = {
				ASSETCATALOG_COMPILER_APPICON_NAME = AppIcon;
				CODE_SIGN_ENTITLEMENTS = DivideAndConquerLauncher/DivideAndConquerLauncher.entitlements;
				CODE_SIGN_IDENTITY = "-";
				CODE_SIGN_STYLE = Automatic;
				COMBINE_HIDPI_IMAGES = YES;
				DEVELOPMENT_TEAM = "";
				ENABLE_HARDENED_RUNTIME = NO;
				INFOPLIST_FILE = DivideAndConquerLauncher/Info.plist;
				LD_RUNPATH_SEARCH_PATHS = (
					"$(inherited)",
					"@executable_path/../Frameworks",
				);
				MACOSX_DEPLOYMENT_TARGET = 10.11;
				PRODUCT_BUNDLE_IDENTIFIER = com.jakebickle.DivideAndConquerLauncher;
				PRODUCT_NAME = "$(TARGET_NAME)";
				PROVISIONING_PROFILE_SPECIFIER = "";
				SKIP_INSTALL = YES;
				SWIFT_VERSION = 5.0;
			};
			name = Debug;
		};
		9821405622B3EBDA00ABFB3F /* Release */ = {
			isa = XCBuildConfiguration;
			baseConfigurationReference = 0BC9E4678FBAC58EC08C265C /* Pods-DivideAndConquerLauncher.release.xcconfig */;
			buildSettings = {
				ASSETCATALOG_COMPILER_APPICON_NAME = AppIcon;
				CODE_SIGN_ENTITLEMENTS = DivideAndConquerLauncher/DivideAndConquerLauncherRelease.entitlements;
				CODE_SIGN_IDENTITY = "Apple Development";
				CODE_SIGN_STYLE = Automatic;
				COMBINE_HIDPI_IMAGES = YES;
				DEVELOPMENT_TEAM = XSYZ3E4B7D;
				ENABLE_HARDENED_RUNTIME = YES;
				INFOPLIST_FILE = DivideAndConquerLauncher/Info.plist;
				LD_RUNPATH_SEARCH_PATHS = (
					"$(inherited)",
					"@executable_path/../Frameworks",
				);
				MACOSX_DEPLOYMENT_TARGET = 10.11;
				PRODUCT_BUNDLE_IDENTIFIER = com.jakebickle.DivideAndConquerLauncher;
				PRODUCT_NAME = "$(TARGET_NAME)";
				PROVISIONING_PROFILE_SPECIFIER = "";
				SKIP_INSTALL = YES;
				SWIFT_VERSION = 5.0;
			};
			name = Release;
		};
		9824702222AF9B7E0037B409 /* Debug */ = {
			isa = XCBuildConfiguration;
			buildSettings = {
				ALWAYS_SEARCH_USER_PATHS = NO;
				CLANG_ANALYZER_LOCALIZABILITY_NONLOCALIZED = YES;
				CLANG_ANALYZER_NONNULL = YES;
				CLANG_ANALYZER_NUMBER_OBJECT_CONVERSION = YES_AGGRESSIVE;
				CLANG_CXX_LANGUAGE_STANDARD = "gnu++14";
				CLANG_CXX_LIBRARY = "libc++";
				CLANG_ENABLE_MODULES = YES;
				CLANG_ENABLE_OBJC_ARC = YES;
				CLANG_ENABLE_OBJC_WEAK = YES;
				CLANG_WARN_BLOCK_CAPTURE_AUTORELEASING = YES;
				CLANG_WARN_BOOL_CONVERSION = YES;
				CLANG_WARN_COMMA = YES;
				CLANG_WARN_CONSTANT_CONVERSION = YES;
				CLANG_WARN_DEPRECATED_OBJC_IMPLEMENTATIONS = YES;
				CLANG_WARN_DIRECT_OBJC_ISA_USAGE = YES_ERROR;
				CLANG_WARN_DOCUMENTATION_COMMENTS = YES;
				CLANG_WARN_EMPTY_BODY = YES;
				CLANG_WARN_ENUM_CONVERSION = YES;
				CLANG_WARN_INFINITE_RECURSION = YES;
				CLANG_WARN_INT_CONVERSION = YES;
				CLANG_WARN_NON_LITERAL_NULL_CONVERSION = YES;
				CLANG_WARN_OBJC_IMPLICIT_RETAIN_SELF = YES;
				CLANG_WARN_OBJC_LITERAL_CONVERSION = YES;
				CLANG_WARN_OBJC_ROOT_CLASS = YES_ERROR;
				CLANG_WARN_QUOTED_INCLUDE_IN_FRAMEWORK_HEADER = YES;
				CLANG_WARN_RANGE_LOOP_ANALYSIS = YES;
				CLANG_WARN_STRICT_PROTOTYPES = YES;
				CLANG_WARN_SUSPICIOUS_MOVE = YES;
				CLANG_WARN_UNGUARDED_AVAILABILITY = YES_AGGRESSIVE;
				CLANG_WARN_UNREACHABLE_CODE = YES;
				CLANG_WARN__DUPLICATE_METHOD_MATCH = YES;
				CODE_SIGN_IDENTITY = "Mac Developer";
				COPY_PHASE_STRIP = NO;
				DEBUG_INFORMATION_FORMAT = dwarf;
				ENABLE_STRICT_OBJC_MSGSEND = YES;
				ENABLE_TESTABILITY = YES;
				GCC_C_LANGUAGE_STANDARD = gnu11;
				GCC_DYNAMIC_NO_PIC = NO;
				GCC_NO_COMMON_BLOCKS = YES;
				GCC_OPTIMIZATION_LEVEL = 0;
				GCC_PREPROCESSOR_DEFINITIONS = (
					"DEBUG=1",
					"$(inherited)",
				);
				GCC_WARN_64_TO_32_BIT_CONVERSION = YES;
				GCC_WARN_ABOUT_RETURN_TYPE = YES_ERROR;
				GCC_WARN_UNDECLARED_SELECTOR = YES;
				GCC_WARN_UNINITIALIZED_AUTOS = YES_AGGRESSIVE;
				GCC_WARN_UNUSED_FUNCTION = YES;
				GCC_WARN_UNUSED_VARIABLE = YES;
				MACOSX_DEPLOYMENT_TARGET = 10.11;
				MTL_ENABLE_DEBUG_INFO = INCLUDE_SOURCE;
				MTL_FAST_MATH = YES;
				ONLY_ACTIVE_ARCH = YES;
				SDKROOT = macosx;
				SWIFT_ACTIVE_COMPILATION_CONDITIONS = DEBUG;
				SWIFT_OPTIMIZATION_LEVEL = "-Onone";
			};
			name = Debug;
		};
		9824702322AF9B7E0037B409 /* Release */ = {
			isa = XCBuildConfiguration;
			buildSettings = {
				ALWAYS_SEARCH_USER_PATHS = NO;
				CLANG_ANALYZER_LOCALIZABILITY_NONLOCALIZED = YES;
				CLANG_ANALYZER_NONNULL = YES;
				CLANG_ANALYZER_NUMBER_OBJECT_CONVERSION = YES_AGGRESSIVE;
				CLANG_CXX_LANGUAGE_STANDARD = "gnu++14";
				CLANG_CXX_LIBRARY = "libc++";
				CLANG_ENABLE_MODULES = YES;
				CLANG_ENABLE_OBJC_ARC = YES;
				CLANG_ENABLE_OBJC_WEAK = YES;
				CLANG_WARN_BLOCK_CAPTURE_AUTORELEASING = YES;
				CLANG_WARN_BOOL_CONVERSION = YES;
				CLANG_WARN_COMMA = YES;
				CLANG_WARN_CONSTANT_CONVERSION = YES;
				CLANG_WARN_DEPRECATED_OBJC_IMPLEMENTATIONS = YES;
				CLANG_WARN_DIRECT_OBJC_ISA_USAGE = YES_ERROR;
				CLANG_WARN_DOCUMENTATION_COMMENTS = YES;
				CLANG_WARN_EMPTY_BODY = YES;
				CLANG_WARN_ENUM_CONVERSION = YES;
				CLANG_WARN_INFINITE_RECURSION = YES;
				CLANG_WARN_INT_CONVERSION = YES;
				CLANG_WARN_NON_LITERAL_NULL_CONVERSION = YES;
				CLANG_WARN_OBJC_IMPLICIT_RETAIN_SELF = YES;
				CLANG_WARN_OBJC_LITERAL_CONVERSION = YES;
				CLANG_WARN_OBJC_ROOT_CLASS = YES_ERROR;
				CLANG_WARN_QUOTED_INCLUDE_IN_FRAMEWORK_HEADER = YES;
				CLANG_WARN_RANGE_LOOP_ANALYSIS = YES;
				CLANG_WARN_STRICT_PROTOTYPES = YES;
				CLANG_WARN_SUSPICIOUS_MOVE = YES;
				CLANG_WARN_UNGUARDED_AVAILABILITY = YES_AGGRESSIVE;
				CLANG_WARN_UNREACHABLE_CODE = YES;
				CLANG_WARN__DUPLICATE_METHOD_MATCH = YES;
				CODE_SIGN_IDENTITY = "Mac Developer";
				COPY_PHASE_STRIP = NO;
				DEBUG_INFORMATION_FORMAT = "dwarf-with-dsym";
				ENABLE_NS_ASSERTIONS = NO;
				ENABLE_STRICT_OBJC_MSGSEND = YES;
				GCC_C_LANGUAGE_STANDARD = gnu11;
				GCC_NO_COMMON_BLOCKS = YES;
				GCC_WARN_64_TO_32_BIT_CONVERSION = YES;
				GCC_WARN_ABOUT_RETURN_TYPE = YES_ERROR;
				GCC_WARN_UNDECLARED_SELECTOR = YES;
				GCC_WARN_UNINITIALIZED_AUTOS = YES_AGGRESSIVE;
				GCC_WARN_UNUSED_FUNCTION = YES;
				GCC_WARN_UNUSED_VARIABLE = YES;
				MACOSX_DEPLOYMENT_TARGET = 10.11;
				MTL_ENABLE_DEBUG_INFO = NO;
				MTL_FAST_MATH = YES;
				SDKROOT = macosx;
				SWIFT_COMPILATION_MODE = wholemodule;
				SWIFT_OPTIMIZATION_LEVEL = "-O";
			};
			name = Release;
		};
		9824702522AF9B7E0037B409 /* Debug */ = {
			isa = XCBuildConfiguration;
			baseConfigurationReference = E6A39D15D3D095AEFF572BAB /* Pods-DivideAndConquer.debug.xcconfig */;
			buildSettings = {
				ASSETCATALOG_COMPILER_APPICON_NAME = AppIcon;
				CODE_SIGN_ENTITLEMENTS = DivideAndConquer/DivideAndConquer.entitlements;
				CODE_SIGN_IDENTITY = "-";
				CODE_SIGN_STYLE = Automatic;
				COMBINE_HIDPI_IMAGES = YES;
				CURRENT_PROJECT_VERSION = 54;
				DEVELOPMENT_TEAM = "";
				ENABLE_HARDENED_RUNTIME = NO;
				INFOPLIST_FILE = DivideAndConquer/Info.plist;
				LD_RUNPATH_SEARCH_PATHS = (
					"$(inherited)",
					"@executable_path/../Frameworks",
				);
				MACOSX_DEPLOYMENT_TARGET = 10.11;
				MARKETING_VERSION = 0.49;
				PRODUCT_BUNDLE_IDENTIFIER = com.jakebickle.DivideAndConquer;
				PRODUCT_NAME = "$(TARGET_NAME)";
				PROVISIONING_PROFILE_SPECIFIER = "";
				SWIFT_VERSION = 5.0;
			};
			name = Debug;
		};
		9824702622AF9B7E0037B409 /* Release */ = {
			isa = XCBuildConfiguration;
			baseConfigurationReference = FE9301EACAF42F35102E1F5E /* Pods-DivideAndConquer.release.xcconfig */;
			buildSettings = {
				ASSETCATALOG_COMPILER_APPICON_NAME = AppIcon;
				CODE_SIGN_ENTITLEMENTS = DivideAndConquer/DivideAndConquerRelease.entitlements;
				CODE_SIGN_IDENTITY = "Apple Development";
				CODE_SIGN_STYLE = Automatic;
				COMBINE_HIDPI_IMAGES = YES;
				CURRENT_PROJECT_VERSION = 54;
				DEVELOPMENT_TEAM = XSYZ3E4B7D;
				ENABLE_HARDENED_RUNTIME = YES;
				INFOPLIST_FILE = DivideAndConquer/Info.plist;
				LD_RUNPATH_SEARCH_PATHS = (
					"$(inherited)",
					"@executable_path/../Frameworks",
				);
				MACOSX_DEPLOYMENT_TARGET = 10.11;
				MARKETING_VERSION = 0.49;
				PRODUCT_BUNDLE_IDENTIFIER = com.jakebickle.DivideAndConquer;
				PRODUCT_NAME = "$(TARGET_NAME)";
				PROVISIONING_PROFILE_SPECIFIER = "";
				SWIFT_VERSION = 5.0;
			};
			name = Release;
		};
		9824702822AF9B7E0037B409 /* Debug */ = {
			isa = XCBuildConfiguration;
			baseConfigurationReference = E208C153105113FC1988B3A3 /* Pods-DivideAndConquerTests.debug.xcconfig */;
			buildSettings = {
				ALWAYS_EMBED_SWIFT_STANDARD_LIBRARIES = YES;
				BUNDLE_LOADER = "$(TEST_HOST)";
				CODE_SIGN_IDENTITY = "-";
				CODE_SIGN_STYLE = Automatic;
				COMBINE_HIDPI_IMAGES = YES;
				DEVELOPMENT_TEAM = "";
				INFOPLIST_FILE = DivideAndConquerTests/Info.plist;
				LD_RUNPATH_SEARCH_PATHS = (
					"$(inherited)",
					"@executable_path/../Frameworks",
					"@loader_path/../Frameworks",
				);
				PRODUCT_BUNDLE_IDENTIFIER = dev.jakebickle.DivideAndConquerTests;
				PRODUCT_NAME = "$(TARGET_NAME)";
				PROVISIONING_PROFILE_SPECIFIER = "";
				SWIFT_VERSION = 5.0;
				TEST_HOST = "$(BUILT_PRODUCTS_DIR)/DivideAndConquer.app/Contents/MacOS/DivideAndConquer";
			};
			name = Debug;
		};
		9824702922AF9B7E0037B409 /* Release */ = {
			isa = XCBuildConfiguration;
			baseConfigurationReference = 86C8F9FE9466268BAC3636B5 /* Pods-DivideAndConquerTests.release.xcconfig */;
			buildSettings = {
				ALWAYS_EMBED_SWIFT_STANDARD_LIBRARIES = YES;
				BUNDLE_LOADER = "$(TEST_HOST)";
				CODE_SIGN_IDENTITY = "Apple Development";
				CODE_SIGN_STYLE = Automatic;
				COMBINE_HIDPI_IMAGES = YES;
				DEVELOPMENT_TEAM = XSYZ3E4B7D;
				INFOPLIST_FILE = DivideAndConquerTests/Info.plist;
				LD_RUNPATH_SEARCH_PATHS = (
					"$(inherited)",
					"@executable_path/../Frameworks",
					"@loader_path/../Frameworks",
				);
				PRODUCT_BUNDLE_IDENTIFIER = dev.jakebickle.DivideAndConquerTests;
				PRODUCT_NAME = "$(TARGET_NAME)";
				PROVISIONING_PROFILE_SPECIFIER = "";
				SWIFT_VERSION = 5.0;
				TEST_HOST = "$(BUILT_PRODUCTS_DIR)/DivideAndConquer.app/Contents/MacOS/DivideAndConquer";
			};
			name = Release;
		};
/* End XCBuildConfiguration section */

/* Begin XCConfigurationList section */
		9821405422B3EBDA00ABFB3F /* Build configuration list for PBXNativeTarget "DivideAndConquerLauncher" */ = {
			isa = XCConfigurationList;
			buildConfigurations = (
				9821405522B3EBDA00ABFB3F /* Debug */,
				9821405622B3EBDA00ABFB3F /* Release */,
			);
			defaultConfigurationIsVisible = 0;
			defaultConfigurationName = Release;
		};
		9824700422AF9B7D0037B409 /* Build configuration list for PBXProject "DivideAndConquer" */ = {
			isa = XCConfigurationList;
			buildConfigurations = (
				9824702222AF9B7E0037B409 /* Debug */,
				9824702322AF9B7E0037B409 /* Release */,
			);
			defaultConfigurationIsVisible = 0;
			defaultConfigurationName = Release;
		};
		9824702422AF9B7E0037B409 /* Build configuration list for PBXNativeTarget "DivideAndConquer" */ = {
			isa = XCConfigurationList;
			buildConfigurations = (
				9824702522AF9B7E0037B409 /* Debug */,
				9824702622AF9B7E0037B409 /* Release */,
			);
			defaultConfigurationIsVisible = 0;
			defaultConfigurationName = Release;
		};
		9824702722AF9B7E0037B409 /* Build configuration list for PBXNativeTarget "DivideAndConquerTests" */ = {
			isa = XCConfigurationList;
			buildConfigurations = (
				9824702822AF9B7E0037B409 /* Debug */,
				9824702922AF9B7E0037B409 /* Release */,
			);
			defaultConfigurationIsVisible = 0;
			defaultConfigurationName = Release;
		};
/* End XCConfigurationList section */
	};
	rootObject = 9824700122AF9B7D0037B409 /* Project object */;
}
